{
  "name": "waste-packaging-regulator-tests",
  "version": "0.0.0",
  "lockfileVersion": 3,
  "requires": true,
  "packages": {
    "": {
      "name": "waste-packaging-regulator-tests",
      "version": "0.0.0",
      "hasInstallScript": true,
      "license": "OGL-UK-3.0",
      "dependencies": {
        "@axe-core/playwright": "4.11.3",
        "@playwright/test": "1.59.1",
        "allure-commandline": "2.34.1",
        "allure-playwright": "3.3.2",
        "dotenv": "17.4.2"
      },
      "devDependencies": {
        "husky": "9.1.7",
        "prettier": "3.4.2"
      },
      "engines": {
        "node": ">=22.13.1"
      }
    },
    "node_modules/@axe-core/playwright": {
      "version": "4.11.3",
      "resolved": "https://registry.npmjs.org/@axe-core/playwright/-/playwright-4.11.3.tgz",
      "integrity": "sha512-h/kfksv4F0cVIDlKpT4700OehdRgpvuVskuQ2nb7/JmtWUXpe9ftHAPtwyXGvVSsa6SJ64A9ER7Zrzc/sIvC4w==",
      "license": "MPL-2.0",
      "dependencies": {
        "axe-core": "~4.11.4"
      },
      "peerDependencies": {
        "playwright-core": ">= 1.0.0"
      }
    },
    "node_modules/@playwright/test": {
      "version": "1.59.1",
      "resolved": "https://registry.npmjs.org/@playwright/test/-/test-1.59.1.tgz",
      "integrity": "sha512-PG6q63nQg5c9rIi4/Z5lR5IVF7yU5MqmKaPOe0HSc0O2cX1fPi96sUQu5j7eo4gKCkB2AnNGoWt7y4/Xx3Kcqg==",
      "license": "Apache-2.0",
      "dependencies": {
        "playwright": "1.59.1"
      },
      "bin": {
        "playwright": "cli.js"
      },
      "engines": {
        "node": ">=18"
      }
    },
    "node_modules/allure-commandline": {
      "version": "2.34.1",
      "resolved": "https://registry.npmjs.org/allure-commandline/-/allure-commandline-2.34.1.tgz",
      "integrity": "sha512-l42csZ2bz7FdtJI1t5zA3IXtOZ0YJaP/+JMRC9gt6aBHRVUIu+6r+3F7KRyshQ79osLz9/MHlGqAjBPRqH0QFw==",
      "license": "Apache-2.0",
      "bin": {
        "allure": "bin/allure"
      }
    },
    "node_modules/allure-playwright": {
      "version": "3.3.2",
      "resolved": "https://registry.npmjs.org/allure-playwright/-/allure-playwright-3.3.2.tgz",
      "integrity": "sha512-S0wyRdG17qQYSorp9Edz9c3DT6mcWwNE9noKdtfp2nmox5AHEVfdwQJx+IuroWUhSkLBRcZbD6E2+XayNIHCGA==",
      "license": "Apache-2.0",
      "dependencies": {
        "allure-js-commons": "3.3.2"
      },
      "peerDependencies": {
        "@playwright/test": ">=1.36.0"
      }
    },
    "node_modules/allure-playwright/node_modules/allure-js-commons": {
      "version": "3.3.2",
      "resolved": "https://registry.npmjs.org/allure-js-commons/-/allure-js-commons-3.3.2.tgz",
      "integrity": "sha512-bBQW/G0Fas6Q+Ubixtk0OWP2Bywr1U5Mbei7paOezCPJpCZ47/xZvmUeuwBH0ekufi3ePCUHzDjXuwUK4iXZlg==",
      "license": "Apache-2.0",
      "dependencies": {
        "md5": "^2.3.0"
      },
      "peerDependencies": {
        "allure-playwright": "3.3.2"
      },
      "peerDependenciesMeta": {
        "allure-playwright": {
          "optional": true
        }
      }
    },
    "node_modules/axe-core": {
      "version": "4.11.4",
      "resolved": "https://registry.npmjs.org/axe-core/-/axe-core-4.11.4.tgz",
      "integrity": "sha512-KunSNx+TVpkAw/6ULfhnx+HWRecjqZGTOyquAoWHYLRSdK1tB5Ihce1ZW+UY3fj33bYAFWPu7W/GRSmmrCGuxA==",
      "license": "MPL-2.0",
      "engines": {
        "node": ">=4"
      }
    },
    "node_modules/charenc": {
      "version": "0.0.2",
      "resolved": "https://registry.npmjs.org/charenc/-/charenc-0.0.2.tgz",
      "integrity": "sha512-yrLQ/yVUFXkzg7EDQsPieE/53+0RlaWTs+wBrvW36cyilJ2SaDWfl4Yj7MtLTXleV9uEKefbAGUPv2/iWSooRA==",
      "license": "BSD-3-Clause",
      "engines": {
        "node": "*"
      }
    },
    "node_modules/crypt": {
      "version": "0.0.2",
      "resolved": "https://registry.npmjs.org/crypt/-/crypt-0.0.2.tgz",
      "integrity": "sha512-mCxBlsHFYh9C+HVpiEacem8FEBnMXgU9gy4zmNC+SXAZNB/1idgp/aulFJ4FgCi7GPEVbfyng092GqL2k2rmow==",
      "license": "BSD-3-Clause",
      "engines": {
        "node": "*"
      }
    },
    "node_modules/dotenv": {
      "version": "17.4.2",
      "resolved": "https://registry.npmjs.org/dotenv/-/dotenv-17.4.2.tgz",
      "integrity": "sha512-nI4U3TottKAcAD9LLud4Cb7b2QztQMUEfHbvhTH09bqXTxnSie8WnjPALV/WMCrJZ6UV/qHJ6L03OqO3LcdYZw==",
      "license": "BSD-2-Clause",
      "engines": {
        "node": ">=12"
      },
      "funding": {
        "url": "https://dotenvx.com"
      }
    },
    "node_modules/husky": {
      "version": "9.1.7",
      "resolved": "https://registry.npmjs.org/husky/-/husky-9.1.7.tgz",
      "integrity": "sha512-5gs5ytaNjBrh5Ow3zrvdUUY+0VxIuWVL4i9irt6friV+BqdCfmV11CQTWMiBYWHbXhco+J1kHfTOUkePhCDvMA==",
      "dev": true,
      "license": "MIT",
      "bin": {
        "husky": "bin.js"
      },
      "engines": {
        "node": ">=18"
      },
      "funding": {
        "url": "https://github.com/sponsors/typicode"
      }
    },
    "node_modules/is-buffer": {
      "version": "1.1.6",
      "resolved": "https://registry.npmjs.org/is-buffer/-/is-buffer-1.1.6.tgz",
      "integrity": "sha512-NcdALwpXkTm5Zvvbk7owOUSvVvBKDgKP5/ewfXEznmQFfs4ZRmanOeKBTjRVjka3QFoN6XJ+9F3USqfHqTaU5w==",
      "license": "MIT"
    },
    "node_modules/md5": {
      "version": "2.3.0",
      "resolved": "https://registry.npmjs.org/md5/-/md5-2.3.0.tgz",
      "integrity": "sha512-T1GITYmFaKuO91vxyoQMFETst+O71VUPEU3ze5GNzDm0OWdP8v1ziTaAEPUr/3kLsY3Sftgz242A1SetQiDL7g==",
      "license": "BSD-3-Clause",
      "dependencies": {
        "charenc": "0.0.2",
        "crypt": "0.0.2",
        "is-buffer": "~1.1.6"
      }
    },
    "node_modules/playwright": {
      "version": "1.59.1",
      "resolved": "https://registry.npmjs.org/playwright/-/playwright-1.59.1.tgz",
      "integrity": "sha512-C8oWjPR3F81yljW9o5OxcWzfh6avkVwDD2VYdwIGqTkl+OGFISgypqzfu7dOe4QNLL2aqcWBmI3PMtLIK233lw==",
      "license": "Apache-2.0",
      "dependencies": {
        "playwright-core": "1.59.1"
      },
      "bin": {
        "playwright": "cli.js"
      },
      "engines": {
        "node": ">=18"
      },
      "optionalDependencies": {
        "fsevents": "2.3.2"
      }
    },
    "node_modules/playwright-core": {
      "version": "1.59.1",
      "resolved": "https://registry.npmjs.org/playwright-core/-/playwright-core-1.59.1.tgz",
      "integrity": "sha512-HBV/RJg81z5BiiZ9yPzIiClYV/QMsDCKUyogwH9p3MCP6IYjUFu/MActgYAvK0oWyV9NlwM3GLBjADyWgydVyg==",
      "license": "Apache-2.0",
      "bin": {
        "playwright-core": "cli.js"
      },
      "engines": {
        "node": ">=18"
      }
    },
    "node_modules/playwright/node_modules/fsevents": {
      "version": "2.3.2",
      "resolved": "https://registry.npmjs.org/fsevents/-/fsevents-2.3.2.tgz",
      "integrity": "sha512-xiqMQR4xAeHTuB9uWm+fFRcIOgKBMiOBP+eXiyT7jsgVCq1bkVygt00oASowB7EdtpOHaaPgKt812P9ab+DDKA==",
      "hasInstallScript": true,
      "license": "MIT",
      "optional": true,
      "os": [
        "darwin"
      ],
      "engines": {
        "node": "^8.16.0 || ^10.6.0 || >=11.0.0"
      }
    },
    "node_modules/prettier": {
      "version": "3.4.2",
      "resolved": "https://registry.npmjs.org/prettier/-/prettier-3.4.2.tgz",
      "integrity": "sha512-e9MewbtFo+Fevyuxn/4rrcDAaq0IYxPGLvObpQjiZBMAzB9IGmzlnG9RZy3FFas+eBMu2vA0CszMeduow5dIuQ==",
      "dev": true,
      "license": "MIT",
      "bin": {
        "prettier": "bin/prettier.cjs"
      },
      "engines": {
        "node": ">=14"
      },
      "funding": {
        "url": "https://github.com/prettier/prettier?sponsor=1"
      }
    }
  }
}
